// !$*UTF8*$!
{
	archiveVersion = 1;
	classes = {
	};
	objectVersion = 50;
	objects = {

/* Begin PBXBuildFile section */
		77E029422260C1AA00ACBD65 /* AppDelegate.swift in Sources */ = {isa = PBXBuildFile; fileRef = 77E029412260C1AA00ACBD65 /* AppDelegate.swift */; };
		77E029472260C1AA00ACBD65 /* Main.storyboard in Resources */ = {isa = PBXBuildFile; fileRef = 77E029452260C1AA00ACBD65 /* Main.storyboard */; };
		77E029492260C1AB00ACBD65 /* Assets.xcassets in Resources */ = {isa = PBXBuildFile; fileRef = 77E029482260C1AB00ACBD65 /* Assets.xcassets */; };
		77E0294C2260C1AB00ACBD65 /* LaunchScreen.storyboard in Resources */ = {isa = PBXBuildFile; fileRef = 77E0294A2260C1AB00ACBD65 /* LaunchScreen.storyboard */; };
		77E0295E2260CD4100ACBD65 /* LoginPresenter.swift in Sources */ = {isa = PBXBuildFile; fileRef = 77E029582260CD4100ACBD65 /* LoginPresenter.swift */; };
		77E0295F2260CD4100ACBD65 /* LoginWorker.swift in Sources */ = {isa = PBXBuildFile; fileRef = 77E029592260CD4100ACBD65 /* LoginWorker.swift */; };
		77E029602260CD4100ACBD65 /* LoginRouter.swift in Sources */ = {isa = PBXBuildFile; fileRef = 77E0295A2260CD4100ACBD65 /* LoginRouter.swift */; };
		77E029612260CD4100ACBD65 /* LoginModels.swift in Sources */ = {isa = PBXBuildFile; fileRef = 77E0295B2260CD4100ACBD65 /* LoginModels.swift */; };
		77E029622260CD4100ACBD65 /* LoginViewController.swift in Sources */ = {isa = PBXBuildFile; fileRef = 77E0295C2260CD4100ACBD65 /* LoginViewController.swift */; };
		77E029632260CD4100ACBD65 /* LoginInteractor.swift in Sources */ = {isa = PBXBuildFile; fileRef = 77E0295D2260CD4100ACBD65 /* LoginInteractor.swift */; };
		77E0296A2260CD6400ACBD65 /* ExtractPresenter.swift in Sources */ = {isa = PBXBuildFile; fileRef = 77E029642260CD6400ACBD65 /* ExtractPresenter.swift */; };
		77E0296B2260CD6400ACBD65 /* ExtractWorker.swift in Sources */ = {isa = PBXBuildFile; fileRef = 77E029652260CD6400ACBD65 /* ExtractWorker.swift */; };
		77E0296C2260CD6400ACBD65 /* ExtractRouter.swift in Sources */ = {isa = PBXBuildFile; fileRef = 77E029662260CD6400ACBD65 /* ExtractRouter.swift */; };
		77E0296D2260CD6400ACBD65 /* ExtractModels.swift in Sources */ = {isa = PBXBuildFile; fileRef = 77E029672260CD6400ACBD65 /* ExtractModels.swift */; };
		77E0296E2260CD6400ACBD65 /* ExtractViewController.swift in Sources */ = {isa = PBXBuildFile; fileRef = 77E029682260CD6400ACBD65 /* ExtractViewController.swift */; };
		77E0296F2260CD6400ACBD65 /* ExtractInteractor.swift in Sources */ = {isa = PBXBuildFile; fileRef = 77E029692260CD6400ACBD65 /* ExtractInteractor.swift */; };
		77E029722260CE3200ACBD65 /* LoginResponse.swift in Sources */ = {isa = PBXBuildFile; fileRef = 77E029712260CE3200ACBD65 /* LoginResponse.swift */; };
		77E029752260CE5800ACBD65 /* UserResponse.swift in Sources */ = {isa = PBXBuildFile; fileRef = 77E029742260CE5800ACBD65 /* UserResponse.swift */; };
		77E029772260CE6500ACBD65 /* Error.swift in Sources */ = {isa = PBXBuildFile; fileRef = 77E029762260CE6500ACBD65 /* Error.swift */; };
		77E0297C2260DA4700ACBD65 /* String+Extensions.swift in Sources */ = {isa = PBXBuildFile; fileRef = 77E0297B2260DA4700ACBD65 /* String+Extensions.swift */; };
		9442E149F07F758F80B0F761 /* Pods_Bank.framework in Frameworks */ = {isa = PBXBuildFile; fileRef = 205EA168E7E0D7DA6C0CCC19 /* Pods_Bank.framework */; };
/* End PBXBuildFile section */

/* Begin PBXFileReference section */
		205EA168E7E0D7DA6C0CCC19 /* Pods_Bank.framework */ = {isa = PBXFileReference; explicitFileType = wrapper.framework; includeInIndex = 0; path = Pods_Bank.framework; sourceTree = BUILT_PRODUCTS_DIR; };
		71F91EB2CB3C1765A4633D1B /* Pods-Bank.debug.xcconfig */ = {isa = PBXFileReference; includeInIndex = 1; lastKnownFileType = text.xcconfig; name = "Pods-Bank.debug.xcconfig"; path = "Target Support Files/Pods-Bank/Pods-Bank.debug.xcconfig"; sourceTree = "<group>"; };
		77E0293E2260C1AA00ACBD65 /* Bank.app */ = {isa = PBXFileReference; explicitFileType = wrapper.application; includeInIndex = 0; path = Bank.app; sourceTree = BUILT_PRODUCTS_DIR; };
		77E029412260C1AA00ACBD65 /* AppDelegate.swift */ = {isa = PBXFileReference; lastKnownFileType = sourcecode.swift; path = AppDelegate.swift; sourceTree = "<group>"; };
		77E029462260C1AA00ACBD65 /* Base */ = {isa = PBXFileReference; lastKnownFileType = file.storyboard; name = Base; path = Base.lproj/Main.storyboard; sourceTree = "<group>"; };
		77E029482260C1AB00ACBD65 /* Assets.xcassets */ = {isa = PBXFileReference; lastKnownFileType = folder.assetcatalog; path = Assets.xcassets; sourceTree = "<group>"; };
		77E0294B2260C1AB00ACBD65 /* Base */ = {isa = PBXFileReference; lastKnownFileType = file.storyboard; name = Base; path = Base.lproj/LaunchScreen.storyboard; sourceTree = "<group>"; };
		77E0294D2260C1AB00ACBD65 /* Info.plist */ = {isa = PBXFileReference; lastKnownFileType = text.plist.xml; path = Info.plist; sourceTree = "<group>"; };
		77E029582260CD4100ACBD65 /* LoginPresenter.swift */ = {isa = PBXFileReference; lastKnownFileType = sourcecode.swift; path = LoginPresenter.swift; sourceTree = "<group>"; };
		77E029592260CD4100ACBD65 /* LoginWorker.swift */ = {isa = PBXFileReference; lastKnownFileType = sourcecode.swift; path = LoginWorker.swift; sourceTree = "<group>"; };
		77E0295A2260CD4100ACBD65 /* LoginRouter.swift */ = {isa = PBXFileReference; lastKnownFileType = sourcecode.swift; path = LoginRouter.swift; sourceTree = "<group>"; };
		77E0295B2260CD4100ACBD65 /* LoginModels.swift */ = {isa = PBXFileReference; lastKnownFileType = sourcecode.swift; path = LoginModels.swift; sourceTree = "<group>"; };
		77E0295C2260CD4100ACBD65 /* LoginViewController.swift */ = {isa = PBXFileReference; lastKnownFileType = sourcecode.swift; path = LoginViewController.swift; sourceTree = "<group>"; };
		77E0295D2260CD4100ACBD65 /* LoginInteractor.swift */ = {isa = PBXFileReference; lastKnownFileType = sourcecode.swift; path = LoginInteractor.swift; sourceTree = "<group>"; };
		77E029642260CD6400ACBD65 /* ExtractPresenter.swift */ = {isa = PBXFileReference; lastKnownFileType = sourcecode.swift; path = ExtractPresenter.swift; sourceTree = "<group>"; };
		77E029652260CD6400ACBD65 /* ExtractWorker.swift */ = {isa = PBXFileReference; lastKnownFileType = sourcecode.swift; path = ExtractWorker.swift; sourceTree = "<group>"; };
		77E029662260CD6400ACBD65 /* ExtractRouter.swift */ = {isa = PBXFileReference; lastKnownFileType = sourcecode.swift; path = ExtractRouter.swift; sourceTree = "<group>"; };
		77E029672260CD6400ACBD65 /* ExtractModels.swift */ = {isa = PBXFileReference; lastKnownFileType = sourcecode.swift; path = ExtractModels.swift; sourceTree = "<group>"; };
		77E029682260CD6400ACBD65 /* ExtractViewController.swift */ = {isa = PBXFileReference; lastKnownFileType = sourcecode.swift; path = ExtractViewController.swift; sourceTree = "<group>"; };
		77E029692260CD6400ACBD65 /* ExtractInteractor.swift */ = {isa = PBXFileReference; lastKnownFileType = sourcecode.swift; path = ExtractInteractor.swift; sourceTree = "<group>"; };
		77E029712260CE3200ACBD65 /* LoginResponse.swift */ = {isa = PBXFileReference; lastKnownFileType = sourcecode.swift; path = LoginResponse.swift; sourceTree = "<group>"; };
		77E029742260CE5800ACBD65 /* UserResponse.swift */ = {isa = PBXFileReference; lastKnownFileType = sourcecode.swift; path = UserResponse.swift; sourceTree = "<group>"; };
		77E029762260CE6500ACBD65 /* Error.swift */ = {isa = PBXFileReference; lastKnownFileType = sourcecode.swift; path = Error.swift; sourceTree = "<group>"; };
		77E0297B2260DA4700ACBD65 /* String+Extensions.swift */ = {isa = PBXFileReference; lastKnownFileType = sourcecode.swift; path = "String+Extensions.swift"; sourceTree = "<group>"; };
		BBE76825131E618C4253C468 /* Pods-Bank.release.xcconfig */ = {isa = PBXFileReference; includeInIndex = 1; lastKnownFileType = text.xcconfig; name = "Pods-Bank.release.xcconfig"; path = "Target Support Files/Pods-Bank/Pods-Bank.release.xcconfig"; sourceTree = "<group>"; };
/* End PBXFileReference section */

/* Begin PBXFrameworksBuildPhase section */
		77E0293B2260C1AA00ACBD65 /* Frameworks */ = {
			isa = PBXFrameworksBuildPhase;
			buildActionMask = 2147483647;
			files = (
				9442E149F07F758F80B0F761 /* Pods_Bank.framework in Frameworks */,
			);
			runOnlyForDeploymentPostprocessing = 0;
		};
/* End PBXFrameworksBuildPhase section */

/* Begin PBXGroup section */
		77E029352260C1AA00ACBD65 = {
			isa = PBXGroup;
			children = (
				77E029402260C1AA00ACBD65 /* Bank */,
				77E0293F2260C1AA00ACBD65 /* Products */,
				A1572209DF5D22EC17422F49 /* Pods */,
				C2E2901E2E82D68F614CD09D /* Frameworks */,
			);
			sourceTree = "<group>";
		};
		77E0293F2260C1AA00ACBD65 /* Products */ = {
			isa = PBXGroup;
			children = (
				77E0293E2260C1AA00ACBD65 /* Bank.app */,
			);
			name = Products;
			sourceTree = "<group>";
		};
		77E029402260C1AA00ACBD65 /* Bank */ = {
			isa = PBXGroup;
			children = (
				77E0297A2260DA2C00ACBD65 /* Extensions */,
				77E029732260CE3700ACBD65 /* Model */,
				77E029702260CD7500ACBD65 /* View */,
				77E029532260CCE300ACBD65 /* Scenes */,
				77E029412260C1AA00ACBD65 /* AppDelegate.swift */,
				77E029482260C1AB00ACBD65 /* Assets.xcassets */,
				77E0294D2260C1AB00ACBD65 /* Info.plist */,
			);
			path = Bank;
			sourceTree = "<group>";
		};
		77E029532260CCE300ACBD65 /* Scenes */ = {
			isa = PBXGroup;
			children = (
				77E029542260CCEE00ACBD65 /* Login */,
				77E029572260CD0700ACBD65 /* Extract */,
			);
			path = Scenes;
			sourceTree = "<group>";
		};
		77E029542260CCEE00ACBD65 /* Login */ = {
			isa = PBXGroup;
			children = (
				77E029582260CD4100ACBD65 /* LoginPresenter.swift */,
				77E029592260CD4100ACBD65 /* LoginWorker.swift */,
				77E0295A2260CD4100ACBD65 /* LoginRouter.swift */,
				77E0295B2260CD4100ACBD65 /* LoginModels.swift */,
				77E0295C2260CD4100ACBD65 /* LoginViewController.swift */,
				77E0295D2260CD4100ACBD65 /* LoginInteractor.swift */,
			);
			path = Login;
			sourceTree = "<group>";
		};
		77E029572260CD0700ACBD65 /* Extract */ = {
			isa = PBXGroup;
			children = (
				77E029642260CD6400ACBD65 /* ExtractPresenter.swift */,
				77E029652260CD6400ACBD65 /* ExtractWorker.swift */,
				77E029662260CD6400ACBD65 /* ExtractRouter.swift */,
				77E029672260CD6400ACBD65 /* ExtractModels.swift */,
				77E029682260CD6400ACBD65 /* ExtractViewController.swift */,
				77E029692260CD6400ACBD65 /* ExtractInteractor.swift */,
			);
			path = Extract;
			sourceTree = "<group>";
		};
		77E029702260CD7500ACBD65 /* View */ = {
			isa = PBXGroup;
			children = (
				77E029452260C1AA00ACBD65 /* Main.storyboard */,
				77E0294A2260C1AB00ACBD65 /* LaunchScreen.storyboard */,
			);
			path = View;
			sourceTree = "<group>";
		};
		77E029732260CE3700ACBD65 /* Model */ = {
			isa = PBXGroup;
			children = (
				77E029712260CE3200ACBD65 /* LoginResponse.swift */,
				77E029742260CE5800ACBD65 /* UserResponse.swift */,
				77E029762260CE6500ACBD65 /* Error.swift */,
			);
			path = Model;
			sourceTree = "<group>";
		};
		77E0297A2260DA2C00ACBD65 /* Extensions */ = {
			isa = PBXGroup;
			children = (
				77E0297B2260DA4700ACBD65 /* String+Extensions.swift */,
			);
			path = Extensions;
			sourceTree = "<group>";
		};
		A1572209DF5D22EC17422F49 /* Pods */ = {
			isa = PBXGroup;
			children = (
				71F91EB2CB3C1765A4633D1B /* Pods-Bank.debug.xcconfig */,
				BBE76825131E618C4253C468 /* Pods-Bank.release.xcconfig */,
			);
			path = Pods;
			sourceTree = "<group>";
		};
		C2E2901E2E82D68F614CD09D /* Frameworks */ = {
			isa = PBXGroup;
			children = (
				205EA168E7E0D7DA6C0CCC19 /* Pods_Bank.framework */,
			);
			name = Frameworks;
			sourceTree = "<group>";
		};
/* End PBXGroup section */

/* Begin PBXNativeTarget section */
		77E0293D2260C1AA00ACBD65 /* Bank */ = {
			isa = PBXNativeTarget;
			buildConfigurationList = 77E029502260C1AB00ACBD65 /* Build configuration list for PBXNativeTarget "Bank" */;
			buildPhases = (
				7A521FB8B984386130915D83 /* [CP] Check Pods Manifest.lock */,
				77E0293A2260C1AA00ACBD65 /* Sources */,
				77E0293B2260C1AA00ACBD65 /* Frameworks */,
				77E0293C2260C1AA00ACBD65 /* Resources */,
				0B7C0595BF94581D330F1D0D /* [CP] Embed Pods Frameworks */,
			);
			buildRules = (
			);
			dependencies = (
			);
			name = Bank;
			productName = Bank;
			productReference = 77E0293E2260C1AA00ACBD65 /* Bank.app */;
			productType = "com.apple.product-type.application";
		};
/* End PBXNativeTarget section */

/* Begin PBXProject section */
		77E029362260C1AA00ACBD65 /* Project object */ = {
			isa = PBXProject;
			attributes = {
				LastSwiftUpdateCheck = 1020;
				LastUpgradeCheck = 1020;
				ORGANIZATIONNAME = "Junior Veroneze";
				TargetAttributes = {
					77E0293D2260C1AA00ACBD65 = {
						CreatedOnToolsVersion = 10.2;
					};
				};
			};
			buildConfigurationList = 77E029392260C1AA00ACBD65 /* Build configuration list for PBXProject "Bank" */;
			compatibilityVersion = "Xcode 9.3";
			developmentRegion = en;
			hasScannedForEncodings = 0;
			knownRegions = (
				en,
				Base,
			);
			mainGroup = 77E029352260C1AA00ACBD65;
			productRefGroup = 77E0293F2260C1AA00ACBD65 /* Products */;
			projectDirPath = "";
			projectRoot = "";
			targets = (
				77E0293D2260C1AA00ACBD65 /* Bank */,
			);
		};
/* End PBXProject section */

/* Begin PBXResourcesBuildPhase section */
		77E0293C2260C1AA00ACBD65 /* Resources */ = {
			isa = PBXResourcesBuildPhase;
			buildActionMask = 2147483647;
			files = (
				77E0294C2260C1AB00ACBD65 /* LaunchScreen.storyboard in Resources */,
				77E029492260C1AB00ACBD65 /* Assets.xcassets in Resources */,
				77E029472260C1AA00ACBD65 /* Main.storyboard in Resources */,
			);
			runOnlyForDeploymentPostprocessing = 0;
		};
/* End PBXResourcesBuildPhase section */

/* Begin PBXShellScriptBuildPhase section */
		0B7C0595BF94581D330F1D0D /* [CP] Embed Pods Frameworks */ = {
			isa = PBXShellScriptBuildPhase;
			buildActionMask = 2147483647;
			files = (
			);
			inputFileListPaths = (
			);
			inputPaths = (
				"${PODS_ROOT}/Target Support Files/Pods-Bank/Pods-Bank-frameworks.sh",
				"${BUILT_PRODUCTS_DIR}/Alamofire/Alamofire.framework",
			);
			name = "[CP] Embed Pods Frameworks";
			outputFileListPaths = (
			);
			outputPaths = (
				"${TARGET_BUILD_DIR}/${FRAMEWORKS_FOLDER_PATH}/Alamofire.framework",
			);
			runOnlyForDeploymentPostprocessing = 0;
			shellPath = /bin/sh;
			shellScript = "\"${PODS_ROOT}/Target Support Files/Pods-Bank/Pods-Bank-frameworks.sh\"\n";
			showEnvVarsInLog = 0;
		};
		7A521FB8B984386130915D83 /* [CP] Check Pods Manifest.lock */ = {
			isa = PBXShellScriptBuildPhase;
			buildActionMask = 2147483647;
			files = (
			);
			inputFileListPaths = (
			);
			inputPaths = (
				"${PODS_PODFILE_DIR_PATH}/Podfile.lock",
				"${PODS_ROOT}/Manifest.lock",
			);
			name = "[CP] Check Pods Manifest.lock";
			outputFileListPaths = (
			);
			outputPaths = (
				"$(DERIVED_FILE_DIR)/Pods-Bank-checkManifestLockResult.txt",
			);
			runOnlyForDeploymentPostprocessing = 0;
			shellPath = /bin/sh;
			shellScript = "diff \"${PODS_PODFILE_DIR_PATH}/Podfile.lock\" \"${PODS_ROOT}/Manifest.lock\" > /dev/null\nif [ $? != 0 ] ; then\n    # print error to STDERR\n    echo \"error: The sandbox is not in sync with the Podfile.lock. Run 'pod install' or update your CocoaPods installation.\" >&2\n    exit 1\nfi\n# This output is used by Xcode 'outputs' to avoid re-running this script phase.\necho \"SUCCESS\" > \"${SCRIPT_OUTPUT_FILE_0}\"\n";
			showEnvVarsInLog = 0;
		};
/* End PBXShellScriptBuildPhase section */

/* Begin PBXSourcesBuildPhase section */
		77E0293A2260C1AA00ACBD65 /* Sources */ = {
			isa = PBXSourcesBuildPhase;
			buildActionMask = 2147483647;
			files = (
				77E029772260CE6500ACBD65 /* Error.swift in Sources */,
				77E0296E2260CD6400ACBD65 /* ExtractViewController.swift in Sources */,
				77E0296C2260CD6400ACBD65 /* ExtractRouter.swift in Sources */,
				77E029622260CD4100ACBD65 /* LoginViewController.swift in Sources */,
				77E0295E2260CD4100ACBD65 /* LoginPresenter.swift in Sources */,
				77E0296B2260CD6400ACBD65 /* ExtractWorker.swift in Sources */,
				77E029752260CE5800ACBD65 /* UserResponse.swift in Sources */,
				77E029632260CD4100ACBD65 /* LoginInteractor.swift in Sources */,
				77E029722260CE3200ACBD65 /* LoginResponse.swift in Sources */,
				77E029612260CD4100ACBD65 /* LoginModels.swift in Sources */,
				77E0296A2260CD6400ACBD65 /* ExtractPresenter.swift in Sources */,
				77E0296F2260CD6400ACBD65 /* ExtractInteractor.swift in Sources */,
				77E0297C2260DA4700ACBD65 /* String+Extensions.swift in Sources */,
				77E029422260C1AA00ACBD65 /* AppDelegate.swift in Sources */,
				77E029602260CD4100ACBD65 /* LoginRouter.swift in Sources */,
				77E0295F2260CD4100ACBD65 /* LoginWorker.swift in Sources */,
				77E0296D2260CD6400ACBD65 /* ExtractModels.swift in Sources */,
			);
			runOnlyForDeploymentPostprocessing = 0;
		};
/* End PBXSourcesBuildPhase section */

/* Begin PBXVariantGroup section */
		77E029452260C1AA00ACBD65 /* Main.storyboard */ = {
			isa = PBXVariantGroup;
			children = (
				77E029462260C1AA00ACBD65 /* Base */,
			);
			name = Main.storyboard;
			sourceTree = "<group>";
		};
		77E0294A2260C1AB00ACBD65 /* LaunchScreen.storyboard */ = {
			isa = PBXVariantGroup;
			children = (
				77E0294B2260C1AB00ACBD65 /* Base */,
			);
			name = LaunchScreen.storyboard;
			sourceTree = "<group>";
		};
/* End PBXVariantGroup section */

/* Begin XCBuildConfiguration section */
		77E0294E2260C1AB00ACBD65 /* Debug */ = {
			isa = XCBuildConfiguration;
			buildSettings = {
				ALWAYS_SEARCH_USER_PATHS = NO;
				CLANG_ANALYZER_NONNULL = YES;
				CLANG_ANALYZER_NUMBER_OBJECT_CONVERSION = YES_AGGRESSIVE;
				CLANG_CXX_LANGUAGE_STANDARD = "gnu++14";
				CLANG_CXX_LIBRARY = "libc++";
				CLANG_ENABLE_MODULES = YES;
				CLANG_ENABLE_OBJC_ARC = YES;
				CLANG_ENABLE_OBJC_WEAK = YES;
				CLANG_WARN_BLOCK_CAPTURE_AUTORELEASING = YES;
				CLANG_WARN_BOOL_CONVERSION = YES;
				CLANG_WARN_COMMA = YES;
				CLANG_WARN_CONSTANT_CONVERSION = YES;
				CLANG_WARN_DEPRECATED_OBJC_IMPLEMENTATIONS = YES;
				CLANG_WARN_DIRECT_OBJC_ISA_USAGE = YES_ERROR;
				CLANG_WARN_DOCUMENTATION_COMMENTS = YES;
				CLANG_WARN_EMPTY_BODY = YES;
				CLANG_WARN_ENUM_CONVERSION = YES;
				CLANG_WARN_INFINITE_RECURSION = YES;
				CLANG_WARN_INT_CONVERSION = YES;
				CLANG_WARN_NON_LITERAL_NULL_CONVERSION = YES;
				CLANG_WARN_OBJC_IMPLICIT_RETAIN_SELF = YES;
				CLANG_WARN_OBJC_LITERAL_CONVERSION = YES;
				CLANG_WARN_OBJC_ROOT_CLASS = YES_ERROR;
				CLANG_WARN_RANGE_LOOP_ANALYSIS = YES;
				CLANG_WARN_STRICT_PROTOTYPES = YES;
				CLANG_WARN_SUSPICIOUS_MOVE = YES;
				CLANG_WARN_UNGUARDED_AVAILABILITY = YES_AGGRESSIVE;
				CLANG_WARN_UNREACHABLE_CODE = YES;
				CLANG_WARN__DUPLICATE_METHOD_MATCH = YES;
				CODE_SIGN_IDENTITY = "iPhone Developer";
				COPY_PHASE_STRIP = NO;
				DEBUG_INFORMATION_FORMAT = dwarf;
				ENABLE_STRICT_OBJC_MSGSEND = YES;
				ENABLE_TESTABILITY = YES;
				GCC_C_LANGUAGE_STANDARD = gnu11;
				GCC_DYNAMIC_NO_PIC = NO;
				GCC_NO_COMMON_BLOCKS = YES;
				GCC_OPTIMIZATION_LEVEL = 0;
				GCC_PREPROCESSOR_DEFINITIONS = (
					"DEBUG=1",
					"$(inherited)",
				);
				GCC_WARN_64_TO_32_BIT_CONVERSION = YES;
				GCC_WARN_ABOUT_RETURN_TYPE = YES_ERROR;
				GCC_WARN_UNDECLARED_SELECTOR = YES;
				GCC_WARN_UNINITIALIZED_AUTOS = YES_AGGRESSIVE;
				GCC_WARN_UNUSED_FUNCTION = YES;
				GCC_WARN_UNUSED_VARIABLE = YES;
				IPHONEOS_DEPLOYMENT_TARGET = 12.2;
				MTL_ENABLE_DEBUG_INFO = INCLUDE_SOURCE;
				MTL_FAST_MATH = YES;
				ONLY_ACTIVE_ARCH = YES;
				SDKROOT = iphoneos;
				SWIFT_ACTIVE_COMPILATION_CONDITIONS = DEBUG;
				SWIFT_OPTIMIZATION_LEVEL = "-Onone";
			};
			name = Debug;
		};
		77E0294F2260C1AB00ACBD65 /* Release */ = {
			isa = XCBuildConfiguration;
			buildSettings = {
				ALWAYS_SEARCH_USER_PATHS = NO;
				CLANG_ANALYZER_NONNULL = YES;
				CLANG_ANALYZER_NUMBER_OBJECT_CONVERSION = YES_AGGRESSIVE;
				CLANG_CXX_LANGUAGE_STANDARD = "gnu++14";
				CLANG_CXX_LIBRARY = "libc++";
				CLANG_ENABLE_MODULES = YES;
				CLANG_ENABLE_OBJC_ARC = YES;
				CLANG_ENABLE_OBJC_WEAK = YES;
				CLANG_WARN_BLOCK_CAPTURE_AUTORELEASING = YES;
				CLANG_WARN_BOOL_CONVERSION = YES;
				CLANG_WARN_COMMA = YES;
				CLANG_WARN_CONSTANT_CONVERSION = YES;
				CLANG_WARN_DEPRECATED_OBJC_IMPLEMENTATIONS = YES;
				CLANG_WARN_DIRECT_OBJC_ISA_USAGE = YES_ERROR;
				CLANG_WARN_DOCUMENTATION_COMMENTS = YES;
				CLANG_WARN_EMPTY_BODY = YES;
				CLANG_WARN_ENUM_CONVERSION = YES;
				CLANG_WARN_INFINITE_RECURSION = YES;
				CLANG_WARN_INT_CONVERSION = YES;
				CLANG_WARN_NON_LITERAL_NULL_CONVERSION = YES;
				CLANG_WARN_OBJC_IMPLICIT_RETAIN_SELF = YES;
				CLANG_WARN_OBJC_LITERAL_CONVERSION = YES;
				CLANG_WARN_OBJC_ROOT_CLASS = YES_ERROR;
				CLANG_WARN_RANGE_LOOP_ANALYSIS = YES;
				CLANG_WARN_STRICT_PROTOTYPES = YES;
				CLANG_WARN_SUSPICIOUS_MOVE = YES;
				CLANG_WARN_UNGUARDED_AVAILABILITY = YES_AGGRESSIVE;
				CLANG_WARN_UNREACHABLE_CODE = YES;
				CLANG_WARN__DUPLICATE_METHOD_MATCH = YES;
				CODE_SIGN_IDENTITY = "iPhone Developer";
				COPY_PHASE_STRIP = NO;
				DEBUG_INFORMATION_FORMAT = "dwarf-with-dsym";
				ENABLE_NS_ASSERTIONS = NO;
				ENABLE_STRICT_OBJC_MSGSEND = YES;
				GCC_C_LANGUAGE_STANDARD = gnu11;
				GCC_NO_COMMON_BLOCKS = YES;
				GCC_WARN_64_TO_32_BIT_CONVERSION = YES;
				GCC_WARN_ABOUT_RETURN_TYPE = YES_ERROR;
				GCC_WARN_UNDECLARED_SELECTOR = YES;
				GCC_WARN_UNINITIALIZED_AUTOS = YES_AGGRESSIVE;
				GCC_WARN_UNUSED_FUNCTION = YES;
				GCC_WARN_UNUSED_VARIABLE = YES;
				IPHONEOS_DEPLOYMENT_TARGET = 12.2;
				MTL_ENABLE_DEBUG_INFO = NO;
				MTL_FAST_MATH = YES;
				SDKROOT = iphoneos;
				SWIFT_COMPILATION_MODE = wholemodule;
				SWIFT_OPTIMIZATION_LEVEL = "-O";
				VALIDATE_PRODUCT = YES;
			};
			name = Release;
		};
		77E029512260C1AB00ACBD65 /* Debug */ = {
			isa = XCBuildConfiguration;
			baseConfigurationReference = 71F91EB2CB3C1765A4633D1B /* Pods-Bank.debug.xcconfig */;
			buildSettings = {
				ASSETCATALOG_COMPILER_APPICON_NAME = AppIcon;
				CODE_SIGN_STYLE = Automatic;
				INFOPLIST_FILE = Bank/Info.plist;
				IPHONEOS_DEPLOYMENT_TARGET = 9.0;
				LD_RUNPATH_SEARCH_PATHS = (
					"$(inherited)",
					"@executable_path/Frameworks",
				);
				PRODUCT_BUNDLE_IDENTIFIER = com.jrveroneze.Bank;
				PRODUCT_NAME = "$(TARGET_NAME)";
				SWIFT_VERSION = 5.0;
				TARGETED_DEVICE_FAMILY = "1,2";
			};
			name = Debug;
		};
		77E029522260C1AB00ACBD65 /* Release */ = {
			isa = XCBuildConfiguration;
			baseConfigurationReference = BBE76825131E618C4253C468 /* Pods-Bank.release.xcconfig */;
			buildSettings = {
				ASSETCATALOG_COMPILER_APPICON_NAME = AppIcon;
				CODE_SIGN_STYLE = Automatic;
				INFOPLIST_FILE = Bank/Info.plist;
				IPHONEOS_DEPLOYMENT_TARGET = 9.0;
				LD_RUNPATH_SEARCH_PATHS = (
					"$(inherited)",
					"@executable_path/Frameworks",
				);
				PRODUCT_BUNDLE_IDENTIFIER = com.jrveroneze.Bank;
				PRODUCT_NAME = "$(TARGET_NAME)";
				SWIFT_VERSION = 5.0;
				TARGETED_DEVICE_FAMILY = "1,2";
			};
			name = Release;
		};
/* End XCBuildConfiguration section */

/* Begin XCConfigurationList section */
		77E029392260C1AA00ACBD65 /* Build configuration list for PBXProject "Bank" */ = {
			isa = XCConfigurationList;
			buildConfigurations = (
				77E0294E2260C1AB00ACBD65 /* Debug */,
				77E0294F2260C1AB00ACBD65 /* Release */,
			);
			defaultConfigurationIsVisible = 0;
			defaultConfigurationName = Release;
		};
		77E029502260C1AB00ACBD65 /* Build configuration list for PBXNativeTarget "Bank" */ = {
			isa = XCConfigurationList;
			buildConfigurations = (
				77E029512260C1AB00ACBD65 /* Debug */,
				77E029522260C1AB00ACBD65 /* Release */,
			);
			defaultConfigurationIsVisible = 0;
			defaultConfigurationName = Release;
		};
/* End XCConfigurationList section */
	};
	rootObject = 77E029362260C1AA00ACBD65 /* Project object */;
}
